PODS:
  - Flutter (1.0.0)
  - nfc_info (0.0.1):
    - Flutter

DEPENDENCIES:
  - Flutter (from `Flutter`)
  - nfc_info (from `.symlinks/plugins/nfc_info/ios`)

EXTERNAL SOURCES:
  Flutter:
    :path: Flutter
  nfc_info:
    :path: ".symlinks/plugins/nfc_info/ios"

SPEC CHECKSUMS:
  Flutter: 0e3d915762c693b495b44d77113d4970485de6ec
  nfc_info: aba523fbc19cbf0c9820570ae8531396b8755b35

PODFILE CHECKSUM: 4e8f8b2be68aeea4c0d5beb6ff1e79fface1d048

COCOAPODS: 1.9.3
